
Microsoft Visual Studio Solution File, Format Version 12.00
# Visual Studio Version 17
VisualStudioVersion = 17.4.33205.214
MinimumVisualStudioVersion = 10.0.40219.1
Project("{FAE04EC0-301F-11D3-BF4B-00C04F79EFBC}") = "dofdir_komek", "dofdir_komek.csproj", "{944FC1D2-03AC-481B-86C0-8F13F6AE9CFF}"
EndProject
Global
	GlobalSection(SolutionConfigurationPlatforms) = preSolution
		Debug|Any CPU = Debug|Any CPU
		Release|Any CPU = Release|Any CPU
	EndGlobalSection
	GlobalSection(ProjectConfigurationPlatforms) = postSolution
		{944FC1D2-03AC-481B-86C0-8F13F6AE9CFF}.Debug|Any CPU.ActiveCfg = Debug|Any CPU
		{944FC1D2-03AC-481B-86C0-8F13F6AE9CFF}.Debug|Any CPU.Build.0 = Debug|Any CPU
		{944FC1D2-03AC-481B-86C0-8F13F6AE9CFF}.Release|Any CPU.ActiveCfg = Release|Any CPU
		{944FC1D2-03AC-481B-86C0-8F13F6AE9CFF}.Release|Any CPU.Build.0 = Release|Any CPU
	EndGlobalSection
	GlobalSection(SolutionProperties) = preSolution
		HideSolutionNode = FALSE
	EndGlobalSection
	GlobalSection(ExtensibilityGlobals) = postSolution
		SolutionGuid = {85DC20B7-79FA-4900-869D-5846AD9B05FA}
	EndGlobalSection
EndGlobal
